
Microsoft Visual Studio Solution File, Format Version 12.00
# Visual Studio Version 16
VisualStudioVersion = 16.0.30523.141
MinimumVisualStudioVersion = 10.0.40219.1
Project("{FAE04EC0-301F-11D3-BF4B-00C04F79EFBC}") = "BookSystem_gursharn", "BookSystem_gursharn\BookSystem_gursharn.csproj", "{092BF4C3-EBF6-4BF3-BE65-69282D3A6EDD}"
EndProject
Global
	GlobalSection(SolutionConfigurationPlatforms) = preSolution
		Debug|Any CPU = Debug|Any CPU
		Release|Any CPU = Release|Any CPU
	EndGlobalSection
	GlobalSection(ProjectConfigurationPlatforms) = postSolution
		{092BF4C3-EBF6-4BF3-BE65-69282D3A6EDD}.Debug|Any CPU.ActiveCfg = Debug|Any CPU
		{092BF4C3-EBF6-4BF3-BE65-69282D3A6EDD}.Debug|Any CPU.Build.0 = Debug|Any CPU
		{092BF4C3-EBF6-4BF3-BE65-69282D3A6EDD}.Release|Any CPU.ActiveCfg = Release|Any CPU
		{092BF4C3-EBF6-4BF3-BE65-69282D3A6EDD}.Release|Any CPU.Build.0 = Release|Any CPU
	EndGlobalSection
	GlobalSection(SolutionProperties) = preSolution
		HideSolutionNode = FALSE
	EndGlobalSection
	GlobalSection(ExtensibilityGlobals) = postSolution
		SolutionGuid = {9C9163A5-0274-4DAA-B651-75F555DDC166}
	EndGlobalSection
EndGlobal
